
Microsoft Visual Studio Solution File, Format Version 12.00
# Visual Studio 14
VisualStudioVersion = 14.0.25420.1
MinimumVisualStudioVersion = 10.0.40219.1
Project("{8BC9CEB8-8B4A-11D0-8D11-00A0C91BC942}") = "OpenGLWindowPCGame", "OpenGLWindowPCGame\OpenGLWindowPCGame.vcxproj", "{49B22EA6-CEB5-4397-96D1-34E88F34B8FB}"
	ProjectSection(ProjectDependencies) = postProject
		{768E057C-70FA-4991-BCDC-DC08BDB82B85} = {768E057C-70FA-4991-BCDC-DC08BDB82B85}
		{8080C67C-8E92-4D6C-A0D6-AA4FA935804B} = {8080C67C-8E92-4D6C-A0D6-AA4FA935804B}
		{21A10094-380C-4413-9F9B-B341530AD3B7} = {21A10094-380C-4413-9F9B-B341530AD3B7}
		{8A27EEA0-2A8F-4362-A4E9-48BB9FDBBAE1} = {8A27EEA0-2A8F-4362-A4E9-48BB9FDBBAE1}
		{6B6337A3-C437-4E29-B134-89EADE07E0F5} = {6B6337A3-C437-4E29-B134-89EADE07E0F5}
	EndProjectSection
EndProject
Project("{8BC9CEB8-8B4A-11D0-8D11-00A0C91BC942}") = "MyUtilityLibrary", "LibraryProject\MyUtilityLibrary\MyUtilityLibrary.vcxproj", "{768E057C-70FA-4991-BCDC-DC08BDB82B85}"
EndProject
Project("{8BC9CEB8-8B4A-11D0-8D11-00A0C91BC942}") = "OpenGLResourceLibrary", "LibraryProject\OpenGLResourceLibrary\OpenGLResourceLibrary.vcxproj", "{8080C67C-8E92-4D6C-A0D6-AA4FA935804B}"
	ProjectSection(ProjectDependencies) = postProject
		{768E057C-70FA-4991-BCDC-DC08BDB82B85} = {768E057C-70FA-4991-BCDC-DC08BDB82B85}
	EndProjectSection
EndProject
Project("{8BC9CEB8-8B4A-11D0-8D11-00A0C91BC942}") = "OpenGLGraphicLibrary", "LibraryProject\OpenGLGraphicLibrary\OpenGLGraphicLibrary.vcxproj", "{6B6337A3-C437-4E29-B134-89EADE07E0F5}"
	ProjectSection(ProjectDependencies) = postProject
		{768E057C-70FA-4991-BCDC-DC08BDB82B85} = {768E057C-70FA-4991-BCDC-DC08BDB82B85}
		{8080C67C-8E92-4D6C-A0D6-AA4FA935804B} = {8080C67C-8E92-4D6C-A0D6-AA4FA935804B}
	EndProjectSection
EndProject
Project("{2150E333-8FDC-42A3-9474-1A3956D46DE8}") = "LibraryProject", "LibraryProject", "{EC59A83A-E865-4206-965A-1DD314EDDDF6}"
EndProject
Project("{8BC9CEB8-8B4A-11D0-8D11-00A0C91BC942}") = "OpenALSoundLibrary", "LibraryProject\OpenALSoundLibrary\OpenALSoundLibrary.vcxproj", "{21A10094-380C-4413-9F9B-B341530AD3B7}"
	ProjectSection(ProjectDependencies) = postProject
		{768E057C-70FA-4991-BCDC-DC08BDB82B85} = {768E057C-70FA-4991-BCDC-DC08BDB82B85}
	EndProjectSection
EndProject
Project("{8BC9CEB8-8B4A-11D0-8D11-00A0C91BC942}") = "WindowsAPIInputLibrary", "LibraryProject\WindowsAPIInputLibrary\WindowsAPIInputLibrary.vcxproj", "{8A27EEA0-2A8F-4362-A4E9-48BB9FDBBAE1}"
	ProjectSection(ProjectDependencies) = postProject
		{768E057C-70FA-4991-BCDC-DC08BDB82B85} = {768E057C-70FA-4991-BCDC-DC08BDB82B85}
	EndProjectSection
EndProject
Global
	GlobalSection(SolutionConfigurationPlatforms) = preSolution
		Debug|x64 = Debug|x64
		Debug|x86 = Debug|x86
		Release|x64 = Release|x64
		Release|x86 = Release|x86
	EndGlobalSection
	GlobalSection(ProjectConfigurationPlatforms) = postSolution
		{49B22EA6-CEB5-4397-96D1-34E88F34B8FB}.Debug|x64.ActiveCfg = Debug|x64
		{49B22EA6-CEB5-4397-96D1-34E88F34B8FB}.Debug|x64.Build.0 = Debug|x64
		{49B22EA6-CEB5-4397-96D1-34E88F34B8FB}.Debug|x86.ActiveCfg = Debug|Win32
		{49B22EA6-CEB5-4397-96D1-34E88F34B8FB}.Debug|x86.Build.0 = Debug|Win32
		{49B22EA6-CEB5-4397-96D1-34E88F34B8FB}.Release|x64.ActiveCfg = Release|x64
		{49B22EA6-CEB5-4397-96D1-34E88F34B8FB}.Release|x64.Build.0 = Release|x64
		{49B22EA6-CEB5-4397-96D1-34E88F34B8FB}.Release|x86.ActiveCfg = Release|Win32
		{49B22EA6-CEB5-4397-96D1-34E88F34B8FB}.Release|x86.Build.0 = Release|Win32
		{768E057C-70FA-4991-BCDC-DC08BDB82B85}.Debug|x64.ActiveCfg = Debug|x64
		{768E057C-70FA-4991-BCDC-DC08BDB82B85}.Debug|x64.Build.0 = Debug|x64
		{768E057C-70FA-4991-BCDC-DC08BDB82B85}.Debug|x86.ActiveCfg = Debug|Win32
		{768E057C-70FA-4991-BCDC-DC08BDB82B85}.Debug|x86.Build.0 = Debug|Win32
		{768E057C-70FA-4991-BCDC-DC08BDB82B85}.Release|x64.ActiveCfg = Release|x64
		{768E057C-70FA-4991-BCDC-DC08BDB82B85}.Release|x64.Build.0 = Release|x64
		{768E057C-70FA-4991-BCDC-DC08BDB82B85}.Release|x86.ActiveCfg = Release|Win32
		{768E057C-70FA-4991-BCDC-DC08BDB82B85}.Release|x86.Build.0 = Release|Win32
		{8080C67C-8E92-4D6C-A0D6-AA4FA935804B}.Debug|x64.ActiveCfg = Debug|x64
		{8080C67C-8E92-4D6C-A0D6-AA4FA935804B}.Debug|x64.Build.0 = Debug|x64
		{8080C67C-8E92-4D6C-A0D6-AA4FA935804B}.Debug|x86.ActiveCfg = Debug|Win32
		{8080C67C-8E92-4D6C-A0D6-AA4FA935804B}.Debug|x86.Build.0 = Debug|Win32
		{8080C67C-8E92-4D6C-A0D6-AA4FA935804B}.Release|x64.ActiveCfg = Release|x64
		{8080C67C-8E92-4D6C-A0D6-AA4FA935804B}.Release|x64.Build.0 = Release|x64
		{8080C67C-8E92-4D6C-A0D6-AA4FA935804B}.Release|x86.ActiveCfg = Release|Win32
		{8080C67C-8E92-4D6C-A0D6-AA4FA935804B}.Release|x86.Build.0 = Release|Win32
		{6B6337A3-C437-4E29-B134-89EADE07E0F5}.Debug|x64.ActiveCfg = Debug|x64
		{6B6337A3-C437-4E29-B134-89EADE07E0F5}.Debug|x64.Build.0 = Debug|x64
		{6B6337A3-C437-4E29-B134-89EADE07E0F5}.Debug|x86.ActiveCfg = Debug|Win32
		{6B6337A3-C437-4E29-B134-89EADE07E0F5}.Debug|x86.Build.0 = Debug|Win32
		{6B6337A3-C437-4E29-B134-89EADE07E0F5}.Release|x64.ActiveCfg = Release|x64
		{6B6337A3-C437-4E29-B134-89EADE07E0F5}.Release|x64.Build.0 = Release|x64
		{6B6337A3-C437-4E29-B134-89EADE07E0F5}.Release|x86.ActiveCfg = Release|Win32
		{6B6337A3-C437-4E29-B134-89EADE07E0F5}.Release|x86.Build.0 = Release|Win32
		{21A10094-380C-4413-9F9B-B341530AD3B7}.Debug|x64.ActiveCfg = Debug|x64
		{21A10094-380C-4413-9F9B-B341530AD3B7}.Debug|x64.Build.0 = Debug|x64
		{21A10094-380C-4413-9F9B-B341530AD3B7}.Debug|x86.ActiveCfg = Debug|Win32
		{21A10094-380C-4413-9F9B-B341530AD3B7}.Debug|x86.Build.0 = Debug|Win32
		{21A10094-380C-4413-9F9B-B341530AD3B7}.Release|x64.ActiveCfg = Release|x64
		{21A10094-380C-4413-9F9B-B341530AD3B7}.Release|x64.Build.0 = Release|x64
		{21A10094-380C-4413-9F9B-B341530AD3B7}.Release|x86.ActiveCfg = Release|Win32
		{21A10094-380C-4413-9F9B-B341530AD3B7}.Release|x86.Build.0 = Release|Win32
		{8A27EEA0-2A8F-4362-A4E9-48BB9FDBBAE1}.Debug|x64.ActiveCfg = Debug|x64
		{8A27EEA0-2A8F-4362-A4E9-48BB9FDBBAE1}.Debug|x64.Build.0 = Debug|x64
		{8A27EEA0-2A8F-4362-A4E9-48BB9FDBBAE1}.Debug|x86.ActiveCfg = Debug|Win32
		{8A27EEA0-2A8F-4362-A4E9-48BB9FDBBAE1}.Debug|x86.Build.0 = Debug|Win32
		{8A27EEA0-2A8F-4362-A4E9-48BB9FDBBAE1}.Release|x64.ActiveCfg = Release|x64
		{8A27EEA0-2A8F-4362-A4E9-48BB9FDBBAE1}.Release|x64.Build.0 = Release|x64
		{8A27EEA0-2A8F-4362-A4E9-48BB9FDBBAE1}.Release|x86.ActiveCfg = Release|Win32
		{8A27EEA0-2A8F-4362-A4E9-48BB9FDBBAE1}.Release|x86.Build.0 = Release|Win32
	EndGlobalSection
	GlobalSection(SolutionProperties) = preSolution
		HideSolutionNode = FALSE
	EndGlobalSection
	GlobalSection(NestedProjects) = preSolution
		{768E057C-70FA-4991-BCDC-DC08BDB82B85} = {EC59A83A-E865-4206-965A-1DD314EDDDF6}
		{8080C67C-8E92-4D6C-A0D6-AA4FA935804B} = {EC59A83A-E865-4206-965A-1DD314EDDDF6}
		{6B6337A3-C437-4E29-B134-89EADE07E0F5} = {EC59A83A-E865-4206-965A-1DD314EDDDF6}
		{21A10094-380C-4413-9F9B-B341530AD3B7} = {EC59A83A-E865-4206-965A-1DD314EDDDF6}
		{8A27EEA0-2A8F-4362-A4E9-48BB9FDBBAE1} = {EC59A83A-E865-4206-965A-1DD314EDDDF6}
	EndGlobalSection
EndGlobal
